
Microsoft Visual Studio Solution File, Format Version 12.00
Project("{FAE04EC0-301F-11D3-BF4B-00C04F79EFBC}") = "Recepty", "Recepty\Recepty.csproj", "{0BD18F4D-F3C7-4704-9262-7899E628E361}"
EndProject
Global
	GlobalSection(SolutionConfigurationPlatforms) = preSolution
		Debug|Any CPU = Debug|Any CPU
		Release|Any CPU = Release|Any CPU
	EndGlobalSection
	GlobalSection(ProjectConfigurationPlatforms) = postSolution
		{0BD18F4D-F3C7-4704-9262-7899E628E361}.Debug|Any CPU.ActiveCfg = Debug|Any CPU
		{0BD18F4D-F3C7-4704-9262-7899E628E361}.Debug|Any CPU.Build.0 = Debug|Any CPU
		{0BD18F4D-F3C7-4704-9262-7899E628E361}.Release|Any CPU.ActiveCfg = Release|Any CPU
		{0BD18F4D-F3C7-4704-9262-7899E628E361}.Release|Any CPU.Build.0 = Release|Any CPU
	EndGlobalSection
EndGlobal
